{
  "name": "mdns-sd-discovery",
  "version": "0.0.0",
  "lockfileVersion": 2,
  "requires": true,
  "packages": {
    "": {
      "name": "mdns-sd-discovery",
      "version": "0.0.0",
      "license": "MIT",
      "dependencies": {
        "@gravitysoftware/dnssd": "^0.5.3",
        "@hyperswarm/secret-stream": "^5.2.0"
      }
    },
    "node_modules/@gravitysoftware/dnssd": {
      "version": "0.5.3",
      "resolved": "https://registry.npmjs.org/@gravitysoftware/dnssd/-/dnssd-0.5.3.tgz",
      "integrity": "sha512-PtU5le5BIRrFR2srnmNv4ifJAlNc/K1NLeRYi/az0AB85zbYHAefTh7v2WPb0vHXoqX4qthByksqDbr53V/Y2Q==",
      "bin": {
        "dnssd-js": "bin/bin.js"
      }
    },
    "node_modules/@hyperswarm/secret-stream": {
      "version": "5.2.0",
      "resolved": "https://registry.npmjs.org/@hyperswarm/secret-stream/-/secret-stream-5.2.0.tgz",
      "integrity": "sha512-GwgLlbJV0DgvdTm0hPfyM4IWcWqJXIPCgkZ/DAh5CJ0HX8WW/4pDw70h7fRK5zBU1XUT6IYO2QAOeqZS+e9Dvg==",
      "dependencies": {
        "b4a": "^1.1.0",
        "noise-curve-ed": "^1.0.2",
        "noise-handshake": "^2.1.0",
        "sodium-secretstream": "^1.0.0",
        "sodium-universal": "^3.0.4",
        "streamx": "^2.10.2",
        "timeout-refresh": "^2.0.0"
      }
    },
    "node_modules/b4a": {
      "version": "1.3.1",
      "resolved": "https://registry.npmjs.org/b4a/-/b4a-1.3.1.tgz",
      "integrity": "sha512-ULHjbJGjZcdA5bugDNAAcMA6GWXX/9N10I6AQc14TH+Sr7bMfT+NHuJnOFGPJWLtzYa6Tz+PnFD2D/1bISLLZQ=="
    },
    "node_modules/blake2b": {
      "version": "2.1.4",
      "resolved": "https://registry.npmjs.org/blake2b/-/blake2b-2.1.4.tgz",
      "integrity": "sha512-AyBuuJNI64gIvwx13qiICz6H6hpmjvYS5DGkG6jbXMOT8Z3WUJ3V1X0FlhIoT1b/5JtHE3ki+xjtMvu1nn+t9A==",
      "dependencies": {
        "blake2b-wasm": "^2.4.0",
        "nanoassert": "^2.0.0"
      }
    },
    "node_modules/blake2b-wasm": {
      "version": "2.4.0",
      "resolved": "https://registry.npmjs.org/blake2b-wasm/-/blake2b-wasm-2.4.0.tgz",
      "integrity": "sha512-S1kwmW2ZhZFFFOghcx73+ZajEfKBqhP82JMssxtLVMxlaPea1p9uoLiUZ5WYyHn0KddwbLc+0vh4wR0KBNoT5w==",
      "dependencies": {
        "b4a": "^1.0.1",
        "nanoassert": "^2.0.0"
      }
    },
    "node_modules/chacha20-universal": {
      "version": "1.0.4",
      "resolved": "https://registry.npmjs.org/chacha20-universal/-/chacha20-universal-1.0.4.tgz",
      "integrity": "sha512-/IOxdWWNa7nRabfe7+oF+jVkGjlr2xUL4J8l/OvzZhj+c9RpMqoo3Dq+5nU1j/BflRV4BKnaQ4+4oH1yBpQG1Q==",
      "dependencies": {
        "nanoassert": "^2.0.0"
      }
    },
    "node_modules/fast-fifo": {
      "version": "1.1.0",
      "resolved": "https://registry.npmjs.org/fast-fifo/-/fast-fifo-1.1.0.tgz",
      "integrity": "sha512-Kl29QoNbNvn4nhDsLYjyIAaIqaJB6rBx5p3sL9VjaefJ+eMFBWVZiaoguaoZfzEKr5RhAti0UgM8703akGPJ6g=="
    },
    "node_modules/function-bind": {
      "version": "1.1.1",
      "resolved": "https://registry.npmjs.org/function-bind/-/function-bind-1.1.1.tgz",
      "integrity": "sha512-yIovAzMX49sF8Yl58fSCWJ5svSLuaibPxXQJFLmBObTuCr0Mf1KiPopGM9NiFjiYBCbfaa2Fh6breQ6ANVTI0A=="
    },
    "node_modules/has": {
      "version": "1.0.3",
      "resolved": "https://registry.npmjs.org/has/-/has-1.0.3.tgz",
      "integrity": "sha512-f2dvO0VU6Oej7RkWJGrehjbzMAjFp5/VKPp5tTpWIV4JHHZK1/BxbFRtf/siA2SWTe09caDmVtYYzWEIbBS4zw==",
      "dependencies": {
        "function-bind": "^1.1.1"
      },
      "engines": {
        "node": ">= 0.4.0"
      }
    },
    "node_modules/hmac-blake2b": {
      "version": "2.0.0",
      "resolved": "https://registry.npmjs.org/hmac-blake2b/-/hmac-blake2b-2.0.0.tgz",
      "integrity": "sha512-JbGNtM1YRd8EQH/2vNTAP1oy5lJVPlBFYZfCJTu3k8sqOUm0rRIf/3+MCd5noVykETwTbun6jEOc+4Tu78ubHA==",
      "dependencies": {
        "nanoassert": "^1.1.0",
        "sodium-native": "^3.1.1",
        "sodium-universal": "^3.0.0"
      }
    },
    "node_modules/hmac-blake2b/node_modules/nanoassert": {
      "version": "1.1.0",
      "resolved": "https://registry.npmjs.org/nanoassert/-/nanoassert-1.1.0.tgz",
      "integrity": "sha1-TzFS4JVA/eKMdvRLGbvNHVpCR40="
    },
    "node_modules/is-core-module": {
      "version": "2.9.0",
      "resolved": "https://registry.npmjs.org/is-core-module/-/is-core-module-2.9.0.tgz",
      "integrity": "sha512-+5FPy5PnwmO3lvfMb0AsoPaBG+5KHUI0wYFXOtYPnVVVspTFUuMZNfNaNVRt3FZadstu2c8x23vykRW/NBoU6A==",
      "dependencies": {
        "has": "^1.0.3"
      },
      "funding": {
        "url": "https://github.com/sponsors/ljharb"
      }
    },
    "node_modules/nanoassert": {
      "version": "2.0.0",
      "resolved": "https://registry.npmjs.org/nanoassert/-/nanoassert-2.0.0.tgz",
      "integrity": "sha512-7vO7n28+aYO4J+8w96AzhmU8G+Y/xpPDJz/se19ICsqj/momRbb9mh9ZUtkoJ5X3nTnPdhEJyc0qnM6yAsHBaA=="
    },
    "node_modules/node-gyp-build": {
      "version": "4.4.0",
      "resolved": "https://registry.npmjs.org/node-gyp-build/-/node-gyp-build-4.4.0.tgz",
      "integrity": "sha512-amJnQCcgtRVw9SvoebO3BKGESClrfXGCUTX9hSn1OuGQTQBOZmVd0Z0OlecpuRksKvbsUqALE8jls/ErClAPuQ==",
      "bin": {
        "node-gyp-build": "bin.js",
        "node-gyp-build-optional": "optional.js",
        "node-gyp-build-test": "build-test.js"
      }
    },
    "node_modules/noise-curve-ed": {
      "version": "1.0.4",
      "resolved": "https://registry.npmjs.org/noise-curve-ed/-/noise-curve-ed-1.0.4.tgz",
      "integrity": "sha512-plUUSEOU66FZ9TaBKpk4+fgQeeS+OLlThS2o8a1TxVpMWV2v1izvEnjSpFV9gEPZl4/1yN+S5KqLubFjogqQOw==",
      "dependencies": {
        "b4a": "^1.1.0",
        "nanoassert": "^2.0.0",
        "sodium-universal": "^3.0.4"
      }
    },
    "node_modules/noise-handshake": {
      "version": "2.2.0",
      "resolved": "https://registry.npmjs.org/noise-handshake/-/noise-handshake-2.2.0.tgz",
      "integrity": "sha512-+0mFUc5YSnOPI+4K/7nr6XDGduITaUasPVurzrH03sk6yW+udKxP/qjEwEekRwIpnvcCKYnjiZ9HJenJv9ljZg==",
      "dependencies": {
        "b4a": "^1.1.0",
        "hmac-blake2b": "^2.0.0",
        "nanoassert": "^2.0.0",
        "sodium-universal": "^3.0.4"
      }
    },
    "node_modules/path-parse": {
      "version": "1.0.7",
      "resolved": "https://registry.npmjs.org/path-parse/-/path-parse-1.0.7.tgz",
      "integrity": "sha512-LDJzPVEEEPR+y48z93A0Ed0yXb8pAByGWo/k5YYdYgpY2/2EsOsksJrq7lOHxryrVOn1ejG6oAp8ahvOIQD8sw=="
    },
    "node_modules/queue-tick": {
      "version": "1.0.0",
      "resolved": "https://registry.npmjs.org/queue-tick/-/queue-tick-1.0.0.tgz",
      "integrity": "sha512-ULWhjjE8BmiICGn3G8+1L9wFpERNxkf8ysxkAer4+TFdRefDaXOCV5m92aMB9FtBVmn/8sETXLXY6BfW7hyaWQ=="
    },
    "node_modules/resolve": {
      "version": "1.22.0",
      "resolved": "https://registry.npmjs.org/resolve/-/resolve-1.22.0.tgz",
      "integrity": "sha512-Hhtrw0nLeSrFQ7phPp4OOcVjLPIeMnRlr5mcnVuMe7M/7eBn98A3hmFRLoFo3DLZkivSYwhRUJTyPyWAk56WLw==",
      "dependencies": {
        "is-core-module": "^2.8.1",
        "path-parse": "^1.0.7",
        "supports-preserve-symlinks-flag": "^1.0.0"
      },
      "bin": {
        "resolve": "bin/resolve"
      },
      "funding": {
        "url": "https://github.com/sponsors/ljharb"
      }
    },
    "node_modules/sha256-universal": {
      "version": "1.2.1",
      "resolved": "https://registry.npmjs.org/sha256-universal/-/sha256-universal-1.2.1.tgz",
      "integrity": "sha512-ghn3muhdn1ailCQqqceNxRgkOeZSVfSE13RQWEg6njB+itsFzGVSJv+O//2hvNXZuxVIRyNzrgsZ37SPDdGJJw==",
      "dependencies": {
        "b4a": "^1.0.1",
        "sha256-wasm": "^2.2.1"
      }
    },
    "node_modules/sha256-wasm": {
      "version": "2.2.2",
      "resolved": "https://registry.npmjs.org/sha256-wasm/-/sha256-wasm-2.2.2.tgz",
      "integrity": "sha512-qKSGARvao+JQlFiA+sjJZhJ/61gmW/3aNLblB2rsgIxDlDxsJPHo8a1seXj12oKtuHVgJSJJ7QEGBUYQN741lQ==",
      "dependencies": {
        "b4a": "^1.0.1",
        "nanoassert": "^2.0.0"
      }
    },
    "node_modules/sha512-universal": {
      "version": "1.2.1",
      "resolved": "https://registry.npmjs.org/sha512-universal/-/sha512-universal-1.2.1.tgz",
      "integrity": "sha512-kehYuigMoRkIngCv7rhgruLJNNHDnitGTBdkcYbCbooL8Cidj/bS78MDxByIjcc69M915WxcQTgZetZ1JbeQTQ==",
      "dependencies": {
        "b4a": "^1.0.1",
        "sha512-wasm": "^2.3.1"
      }
    },
    "node_modules/sha512-wasm": {
      "version": "2.3.4",
      "resolved": "https://registry.npmjs.org/sha512-wasm/-/sha512-wasm-2.3.4.tgz",
      "integrity": "sha512-akWoxJPGCB3aZCrZ+fm6VIFhJ/p8idBv7AWGFng/CZIrQo51oQNsvDbTSRXWAzIiZJvpy16oIDiCCPqTe21sKg==",
      "dependencies": {
        "b4a": "^1.0.1",
        "nanoassert": "^2.0.0"
      }
    },
    "node_modules/siphash24": {
      "version": "1.3.1",
      "resolved": "https://registry.npmjs.org/siphash24/-/siphash24-1.3.1.tgz",
      "integrity": "sha512-moemC3ZKiTzH29nbFo3Iw8fbemWWod4vNs/WgKbQ54oEs6mE6XVlguxvinYjB+UmaE0PThgyED9fUkWvirT8hA==",
      "dependencies": {
        "nanoassert": "^2.0.0"
      }
    },
    "node_modules/sodium-javascript": {
      "version": "0.8.0",
      "resolved": "https://registry.npmjs.org/sodium-javascript/-/sodium-javascript-0.8.0.tgz",
      "integrity": "sha512-rEBzR5mPxPES+UjyMDvKPIXy9ImF17KOJ32nJNi9uIquWpS/nfj+h6m05J5yLJaGXjgM72LmQoUbWZVxh/rmGg==",
      "dependencies": {
        "blake2b": "^2.1.1",
        "chacha20-universal": "^1.0.4",
        "nanoassert": "^2.0.0",
        "sha256-universal": "^1.1.0",
        "sha512-universal": "^1.1.0",
        "siphash24": "^1.0.1",
        "xsalsa20": "^1.0.0"
      }
    },
    "node_modules/sodium-native": {
      "version": "3.3.0",
      "resolved": "https://registry.npmjs.org/sodium-native/-/sodium-native-3.3.0.tgz",
      "integrity": "sha512-rg6lCDM/qa3p07YGqaVD+ciAbUqm6SoO4xmlcfkbU5r1zIGrguXztLiEtaLYTV5U6k8KSIUFmnU3yQUSKmf6DA==",
      "hasInstallScript": true,
      "dependencies": {
        "node-gyp-build": "^4.3.0"
      }
    },
    "node_modules/sodium-secretstream": {
      "version": "1.0.2",
      "resolved": "https://registry.npmjs.org/sodium-secretstream/-/sodium-secretstream-1.0.2.tgz",
      "integrity": "sha512-AsWztbBHhHid+w5g28ftXA0mTrS52Dup7FYI0GR7ri1TQTlVsw0z//FNlhIqWsgtBctO/DxQosacbElCpmdcZw==",
      "dependencies": {
        "b4a": "^1.1.1",
        "sodium-universal": "^3.0.4"
      }
    },
    "node_modules/sodium-universal": {
      "version": "3.1.0",
      "resolved": "https://registry.npmjs.org/sodium-universal/-/sodium-universal-3.1.0.tgz",
      "integrity": "sha512-N2gxk68Kg2qZLSJ4h0NffEhp4BjgWHCHXVlDi1aG1hA3y+ZeWEmHqnpml8Hy47QzfL1xLy5nwr9LcsWAg2Ep0A==",
      "dependencies": {
        "blake2b": "^2.1.1",
        "chacha20-universal": "^1.0.4",
        "nanoassert": "^2.0.0",
        "resolve": "^1.17.0",
        "sha256-universal": "^1.1.0",
        "sha512-universal": "^1.1.0",
        "siphash24": "^1.0.1",
        "sodium-javascript": "~0.8.0",
        "sodium-native": "^3.2.0",
        "xsalsa20": "^1.0.0"
      }
    },
    "node_modules/streamx": {
      "version": "2.12.4",
      "resolved": "https://registry.npmjs.org/streamx/-/streamx-2.12.4.tgz",
      "integrity": "sha512-K3xdIp8YSkvbdI0PrCcP0JkniN8cPCyeKlcZgRFSl1o1xKINCYM93FryvTSOY57x73pz5/AjO5B8b9BYf21wWw==",
      "dependencies": {
        "fast-fifo": "^1.0.0",
        "queue-tick": "^1.0.0"
      }
    },
    "node_modules/supports-preserve-symlinks-flag": {
      "version": "1.0.0",
      "resolved": "https://registry.npmjs.org/supports-preserve-symlinks-flag/-/supports-preserve-symlinks-flag-1.0.0.tgz",
      "integrity": "sha512-ot0WnXS9fgdkgIcePe6RHNk1WA8+muPa6cSjeR3V8K27q9BB1rTE3R1p7Hv0z1ZyAc8s6Vvv8DIyWf681MAt0w==",
      "engines": {
        "node": ">= 0.4"
      },
      "funding": {
        "url": "https://github.com/sponsors/ljharb"
      }
    },
    "node_modules/timeout-refresh": {
      "version": "2.0.1",
      "resolved": "https://registry.npmjs.org/timeout-refresh/-/timeout-refresh-2.0.1.tgz",
      "integrity": "sha512-SVqEcMZBsZF9mA78rjzCrYrUs37LMJk3ShZ851ygZYW1cMeIjs9mL57KO6Iv5mmjSQnOe/29/VAfGXo+oRCiVw=="
    },
    "node_modules/xsalsa20": {
      "version": "1.2.0",
      "resolved": "https://registry.npmjs.org/xsalsa20/-/xsalsa20-1.2.0.tgz",
      "integrity": "sha512-FIr/DEeoHfj7ftfylnoFt3rAIRoWXpx2AoDfrT2qD2wtp7Dp+COajvs/Icb7uHqRW9m60f5iXZwdsJJO3kvb7w=="
    }
  },
  "dependencies": {
    "@gravitysoftware/dnssd": {
      "version": "0.5.3",
      "resolved": "https://registry.npmjs.org/@gravitysoftware/dnssd/-/dnssd-0.5.3.tgz",
      "integrity": "sha512-PtU5le5BIRrFR2srnmNv4ifJAlNc/K1NLeRYi/az0AB85zbYHAefTh7v2WPb0vHXoqX4qthByksqDbr53V/Y2Q=="
    },
    "@hyperswarm/secret-stream": {
      "version": "5.2.0",
      "resolved": "https://registry.npmjs.org/@hyperswarm/secret-stream/-/secret-stream-5.2.0.tgz",
      "integrity": "sha512-GwgLlbJV0DgvdTm0hPfyM4IWcWqJXIPCgkZ/DAh5CJ0HX8WW/4pDw70h7fRK5zBU1XUT6IYO2QAOeqZS+e9Dvg==",
      "requires": {
        "b4a": "^1.1.0",
        "noise-curve-ed": "^1.0.2",
        "noise-handshake": "^2.1.0",
        "sodium-secretstream": "^1.0.0",
        "sodium-universal": "^3.0.4",
        "streamx": "^2.10.2",
        "timeout-refresh": "^2.0.0"
      }
    },
    "b4a": {
      "version": "1.3.1",
      "resolved": "https://registry.npmjs.org/b4a/-/b4a-1.3.1.tgz",
      "integrity": "sha512-ULHjbJGjZcdA5bugDNAAcMA6GWXX/9N10I6AQc14TH+Sr7bMfT+NHuJnOFGPJWLtzYa6Tz+PnFD2D/1bISLLZQ=="
    },
    "blake2b": {
      "version": "2.1.4",
      "resolved": "https://registry.npmjs.org/blake2b/-/blake2b-2.1.4.tgz",
      "integrity": "sha512-AyBuuJNI64gIvwx13qiICz6H6hpmjvYS5DGkG6jbXMOT8Z3WUJ3V1X0FlhIoT1b/5JtHE3ki+xjtMvu1nn+t9A==",
      "requires": {
        "blake2b-wasm": "^2.4.0",
        "nanoassert": "^2.0.0"
      }
    },
    "blake2b-wasm": {
      "version": "2.4.0",
      "resolved": "https://registry.npmjs.org/blake2b-wasm/-/blake2b-wasm-2.4.0.tgz",
      "integrity": "sha512-S1kwmW2ZhZFFFOghcx73+ZajEfKBqhP82JMssxtLVMxlaPea1p9uoLiUZ5WYyHn0KddwbLc+0vh4wR0KBNoT5w==",
      "requires": {
        "b4a": "^1.0.1",
        "nanoassert": "^2.0.0"
      }
    },
    "chacha20-universal": {
      "version": "1.0.4",
      "resolved": "https://registry.npmjs.org/chacha20-universal/-/chacha20-universal-1.0.4.tgz",
      "integrity": "sha512-/IOxdWWNa7nRabfe7+oF+jVkGjlr2xUL4J8l/OvzZhj+c9RpMqoo3Dq+5nU1j/BflRV4BKnaQ4+4oH1yBpQG1Q==",
      "requires": {
        "nanoassert": "^2.0.0"
      }
    },
    "fast-fifo": {
      "version": "1.1.0",
      "resolved": "https://registry.npmjs.org/fast-fifo/-/fast-fifo-1.1.0.tgz",
      "integrity": "sha512-Kl29QoNbNvn4nhDsLYjyIAaIqaJB6rBx5p3sL9VjaefJ+eMFBWVZiaoguaoZfzEKr5RhAti0UgM8703akGPJ6g=="
    },
    "function-bind": {
      "version": "1.1.1",
      "resolved": "https://registry.npmjs.org/function-bind/-/function-bind-1.1.1.tgz",
      "integrity": "sha512-yIovAzMX49sF8Yl58fSCWJ5svSLuaibPxXQJFLmBObTuCr0Mf1KiPopGM9NiFjiYBCbfaa2Fh6breQ6ANVTI0A=="
    },
    "has": {
      "version": "1.0.3",
      "resolved": "https://registry.npmjs.org/has/-/has-1.0.3.tgz",
      "integrity": "sha512-f2dvO0VU6Oej7RkWJGrehjbzMAjFp5/VKPp5tTpWIV4JHHZK1/BxbFRtf/siA2SWTe09caDmVtYYzWEIbBS4zw==",
      "requires": {
        "function-bind": "^1.1.1"
      }
    },
    "hmac-blake2b": {
      "version": "2.0.0",
      "resolved": "https://registry.npmjs.org/hmac-blake2b/-/hmac-blake2b-2.0.0.tgz",
      "integrity": "sha512-JbGNtM1YRd8EQH/2vNTAP1oy5lJVPlBFYZfCJTu3k8sqOUm0rRIf/3+MCd5noVykETwTbun6jEOc+4Tu78ubHA==",
      "requires": {
        "nanoassert": "^1.1.0",
        "sodium-native": "^3.1.1",
        "sodium-universal": "^3.0.0"
      },
      "dependencies": {
        "nanoassert": {
          "version": "1.1.0",
          "resolved": "https://registry.npmjs.org/nanoassert/-/nanoassert-1.1.0.tgz",
          "integrity": "sha1-TzFS4JVA/eKMdvRLGbvNHVpCR40="
        }
      }
    },
    "is-core-module": {
      "version": "2.9.0",
      "resolved": "https://registry.npmjs.org/is-core-module/-/is-core-module-2.9.0.tgz",
      "integrity": "sha512-+5FPy5PnwmO3lvfMb0AsoPaBG+5KHUI0wYFXOtYPnVVVspTFUuMZNfNaNVRt3FZadstu2c8x23vykRW/NBoU6A==",
      "requires": {
        "has": "^1.0.3"
      }
    },
    "nanoassert": {
      "version": "2.0.0",
      "resolved": "https://registry.npmjs.org/nanoassert/-/nanoassert-2.0.0.tgz",
      "integrity": "sha512-7vO7n28+aYO4J+8w96AzhmU8G+Y/xpPDJz/se19ICsqj/momRbb9mh9ZUtkoJ5X3nTnPdhEJyc0qnM6yAsHBaA=="
    },
    "node-gyp-build": {
      "version": "4.4.0",
      "resolved": "https://registry.npmjs.org/node-gyp-build/-/node-gyp-build-4.4.0.tgz",
      "integrity": "sha512-amJnQCcgtRVw9SvoebO3BKGESClrfXGCUTX9hSn1OuGQTQBOZmVd0Z0OlecpuRksKvbsUqALE8jls/ErClAPuQ=="
    },
    "noise-curve-ed": {
      "version": "1.0.4",
      "resolved": "https://registry.npmjs.org/noise-curve-ed/-/noise-curve-ed-1.0.4.tgz",
      "integrity": "sha512-plUUSEOU66FZ9TaBKpk4+fgQeeS+OLlThS2o8a1TxVpMWV2v1izvEnjSpFV9gEPZl4/1yN+S5KqLubFjogqQOw==",
      "requires": {
        "b4a": "^1.1.0",
        "nanoassert": "^2.0.0",
        "sodium-universal": "^3.0.4"
      }
    },
    "noise-handshake": {
      "version": "2.2.0",
      "resolved": "https://registry.npmjs.org/noise-handshake/-/noise-handshake-2.2.0.tgz",
      "integrity": "sha512-+0mFUc5YSnOPI+4K/7nr6XDGduITaUasPVurzrH03sk6yW+udKxP/qjEwEekRwIpnvcCKYnjiZ9HJenJv9ljZg==",
      "requires": {
        "b4a": "^1.1.0",
        "hmac-blake2b": "^2.0.0",
        "nanoassert": "^2.0.0",
        "sodium-universal": "^3.0.4"
      }
    },
    "path-parse": {
      "version": "1.0.7",
      "resolved": "https://registry.npmjs.org/path-parse/-/path-parse-1.0.7.tgz",
      "integrity": "sha512-LDJzPVEEEPR+y48z93A0Ed0yXb8pAByGWo/k5YYdYgpY2/2EsOsksJrq7lOHxryrVOn1ejG6oAp8ahvOIQD8sw=="
    },
    "queue-tick": {
      "version": "1.0.0",
      "resolved": "https://registry.npmjs.org/queue-tick/-/queue-tick-1.0.0.tgz",
      "integrity": "sha512-ULWhjjE8BmiICGn3G8+1L9wFpERNxkf8ysxkAer4+TFdRefDaXOCV5m92aMB9FtBVmn/8sETXLXY6BfW7hyaWQ=="
    },
    "resolve": {
      "version": "1.22.0",
      "resolved": "https://registry.npmjs.org/resolve/-/resolve-1.22.0.tgz",
      "integrity": "sha512-Hhtrw0nLeSrFQ7phPp4OOcVjLPIeMnRlr5mcnVuMe7M/7eBn98A3hmFRLoFo3DLZkivSYwhRUJTyPyWAk56WLw==",
      "requires": {
        "is-core-module": "^2.8.1",
        "path-parse": "^1.0.7",
        "supports-preserve-symlinks-flag": "^1.0.0"
      }
    },
    "sha256-universal": {
      "version": "1.2.1",
      "resolved": "https://registry.npmjs.org/sha256-universal/-/sha256-universal-1.2.1.tgz",
      "integrity": "sha512-ghn3muhdn1ailCQqqceNxRgkOeZSVfSE13RQWEg6njB+itsFzGVSJv+O//2hvNXZuxVIRyNzrgsZ37SPDdGJJw==",
      "requires": {
        "b4a": "^1.0.1",
        "sha256-wasm": "^2.2.1"
      }
    },
    "sha256-wasm": {
      "version": "2.2.2",
      "resolved": "https://registry.npmjs.org/sha256-wasm/-/sha256-wasm-2.2.2.tgz",
      "integrity": "sha512-qKSGARvao+JQlFiA+sjJZhJ/61gmW/3aNLblB2rsgIxDlDxsJPHo8a1seXj12oKtuHVgJSJJ7QEGBUYQN741lQ==",
      "requires": {
        "b4a": "^1.0.1",
        "nanoassert": "^2.0.0"
      }
    },
    "sha512-universal": {
      "version": "1.2.1",
      "resolved": "https://registry.npmjs.org/sha512-universal/-/sha512-universal-1.2.1.tgz",
      "integrity": "sha512-kehYuigMoRkIngCv7rhgruLJNNHDnitGTBdkcYbCbooL8Cidj/bS78MDxByIjcc69M915WxcQTgZetZ1JbeQTQ==",
      "requires": {
        "b4a": "^1.0.1",
        "sha512-wasm": "^2.3.1"
      }
    },
    "sha512-wasm": {
      "version": "2.3.4",
      "resolved": "https://registry.npmjs.org/sha512-wasm/-/sha512-wasm-2.3.4.tgz",
      "integrity": "sha512-akWoxJPGCB3aZCrZ+fm6VIFhJ/p8idBv7AWGFng/CZIrQo51oQNsvDbTSRXWAzIiZJvpy16oIDiCCPqTe21sKg==",
      "requires": {
        "b4a": "^1.0.1",
        "nanoassert": "^2.0.0"
      }
    },
    "siphash24": {
      "version": "1.3.1",
      "resolved": "https://registry.npmjs.org/siphash24/-/siphash24-1.3.1.tgz",
      "integrity": "sha512-moemC3ZKiTzH29nbFo3Iw8fbemWWod4vNs/WgKbQ54oEs6mE6XVlguxvinYjB+UmaE0PThgyED9fUkWvirT8hA==",
      "requires": {
        "nanoassert": "^2.0.0"
      }
    },
    "sodium-javascript": {
      "version": "0.8.0",
      "resolved": "https://registry.npmjs.org/sodium-javascript/-/sodium-javascript-0.8.0.tgz",
      "integrity": "sha512-rEBzR5mPxPES+UjyMDvKPIXy9ImF17KOJ32nJNi9uIquWpS/nfj+h6m05J5yLJaGXjgM72LmQoUbWZVxh/rmGg==",
      "requires": {
        "blake2b": "^2.1.1",
        "chacha20-universal": "^1.0.4",
        "nanoassert": "^2.0.0",
        "sha256-universal": "^1.1.0",
        "sha512-universal": "^1.1.0",
        "siphash24": "^1.0.1",
        "xsalsa20": "^1.0.0"
      }
    },
    "sodium-native": {
      "version": "3.3.0",
      "resolved": "https://registry.npmjs.org/sodium-native/-/sodium-native-3.3.0.tgz",
      "integrity": "sha512-rg6lCDM/qa3p07YGqaVD+ciAbUqm6SoO4xmlcfkbU5r1zIGrguXztLiEtaLYTV5U6k8KSIUFmnU3yQUSKmf6DA==",
      "requires": {
        "node-gyp-build": "^4.3.0"
      }
    },
    "sodium-secretstream": {
      "version": "1.0.2",
      "resolved": "https://registry.npmjs.org/sodium-secretstream/-/sodium-secretstream-1.0.2.tgz",
      "integrity": "sha512-AsWztbBHhHid+w5g28ftXA0mTrS52Dup7FYI0GR7ri1TQTlVsw0z//FNlhIqWsgtBctO/DxQosacbElCpmdcZw==",
      "requires": {
        "b4a": "^1.1.1",
        "sodium-universal": "^3.0.4"
      }
    },
    "sodium-universal": {
      "version": "3.1.0",
      "resolved": "https://registry.npmjs.org/sodium-universal/-/sodium-universal-3.1.0.tgz",
      "integrity": "sha512-N2gxk68Kg2qZLSJ4h0NffEhp4BjgWHCHXVlDi1aG1hA3y+ZeWEmHqnpml8Hy47QzfL1xLy5nwr9LcsWAg2Ep0A==",
      "requires": {
        "blake2b": "^2.1.1",
        "chacha20-universal": "^1.0.4",
        "nanoassert": "^2.0.0",
        "resolve": "^1.17.0",
        "sha256-universal": "^1.1.0",
        "sha512-universal": "^1.1.0",
        "siphash24": "^1.0.1",
        "sodium-javascript": "~0.8.0",
        "sodium-native": "^3.2.0",
        "xsalsa20": "^1.0.0"
      }
    },
    "streamx": {
      "version": "2.12.4",
      "resolved": "https://registry.npmjs.org/streamx/-/streamx-2.12.4.tgz",
      "integrity": "sha512-K3xdIp8YSkvbdI0PrCcP0JkniN8cPCyeKlcZgRFSl1o1xKINCYM93FryvTSOY57x73pz5/AjO5B8b9BYf21wWw==",
      "requires": {
        "fast-fifo": "^1.0.0",
        "queue-tick": "^1.0.0"
      }
    },
    "supports-preserve-symlinks-flag": {
      "version": "1.0.0",
      "resolved": "https://registry.npmjs.org/supports-preserve-symlinks-flag/-/supports-preserve-symlinks-flag-1.0.0.tgz",
      "integrity": "sha512-ot0WnXS9fgdkgIcePe6RHNk1WA8+muPa6cSjeR3V8K27q9BB1rTE3R1p7Hv0z1ZyAc8s6Vvv8DIyWf681MAt0w=="
    },
    "timeout-refresh": {
      "version": "2.0.1",
      "resolved": "https://registry.npmjs.org/timeout-refresh/-/timeout-refresh-2.0.1.tgz",
      "integrity": "sha512-SVqEcMZBsZF9mA78rjzCrYrUs37LMJk3ShZ851ygZYW1cMeIjs9mL57KO6Iv5mmjSQnOe/29/VAfGXo+oRCiVw=="
    },
    "xsalsa20": {
      "version": "1.2.0",
      "resolved": "https://registry.npmjs.org/xsalsa20/-/xsalsa20-1.2.0.tgz",
      "integrity": "sha512-FIr/DEeoHfj7ftfylnoFt3rAIRoWXpx2AoDfrT2qD2wtp7Dp+COajvs/Icb7uHqRW9m60f5iXZwdsJJO3kvb7w=="
    }
  }
}
